
Microsoft Visual Studio Solution File, Format Version 12.00
# Visual Studio Version 16
VisualStudioVersion = 16.0.30907.101
MinimumVisualStudioVersion = 10.0.40219.1
Project("{FAE04EC0-301F-11D3-BF4B-00C04F79EFBC}") = "MovieNight", "MovieNight\MovieNight.csproj", "{B82AF5FE-02D5-4AF5-A021-C395ECDB345C}"
EndProject
Global
	GlobalSection(SolutionConfigurationPlatforms) = preSolution
		Debug|Any CPU = Debug|Any CPU
		Release|Any CPU = Release|Any CPU
	EndGlobalSection
	GlobalSection(ProjectConfigurationPlatforms) = postSolution
		{B82AF5FE-02D5-4AF5-A021-C395ECDB345C}.Debug|Any CPU.ActiveCfg = Debug|Any CPU
		{B82AF5FE-02D5-4AF5-A021-C395ECDB345C}.Debug|Any CPU.Build.0 = Debug|Any CPU
		{B82AF5FE-02D5-4AF5-A021-C395ECDB345C}.Release|Any CPU.ActiveCfg = Release|Any CPU
		{B82AF5FE-02D5-4AF5-A021-C395ECDB345C}.Release|Any CPU.Build.0 = Release|Any CPU
	EndGlobalSection
	GlobalSection(SolutionProperties) = preSolution
		HideSolutionNode = FALSE
	EndGlobalSection
	GlobalSection(ExtensibilityGlobals) = postSolution
		SolutionGuid = {80E2B058-C642-4DF6-AA37-452A1C499D9B}
	EndGlobalSection
EndGlobal
